
Microsoft Visual Studio Solution File, Format Version 12.00
# Visual Studio Version 16
VisualStudioVersion = 16.0.30907.101
MinimumVisualStudioVersion = 10.0.40219.1
Project("{9A19103F-16F7-4668-BE54-9A1E7A4F7556}") = "BlockTanksStats", "BlockTanksStats\BlockTanksStats.csproj", "{07A113DC-AD3A-4659-B2AC-A2B49B919804}"
EndProject
Project("{2150E333-8FDC-42A3-9474-1A3956D46DE8}") = "Solution Items", "Solution Items", "{740EEC28-D557-4323-B219-A901DC6D0DB6}"
	ProjectSection(SolutionItems) = preProject
		.dockerignore = .dockerignore
		.gitattributes = .gitattributes
		.gitignore = .gitignore
		docker-compose.yml = docker-compose.yml
	EndProjectSection
EndProject
Project("{9A19103F-16F7-4668-BE54-9A1E7A4F7556}") = "Ingestion", "Ingestion\Ingestion.csproj", "{67A831CF-68EC-4A56-97D1-8C56FA1CCDA9}"
EndProject
Project("{9A19103F-16F7-4668-BE54-9A1E7A4F7556}") = "DataAccess", "DataAccess\DataAccess.csproj", "{942B9670-67C1-498D-B144-7F96DD94C03C}"
EndProject
Project("{9A19103F-16F7-4668-BE54-9A1E7A4F7556}") = "MigrateDatabase", "MigrateDatabase\MigrateDatabase.csproj", "{3C1DAB0C-ABAA-43AE-A5B9-5190E3D85443}"
EndProject
Global
	GlobalSection(SolutionConfigurationPlatforms) = preSolution
		Debug|Any CPU = Debug|Any CPU
		Release|Any CPU = Release|Any CPU
	EndGlobalSection
	GlobalSection(ProjectConfigurationPlatforms) = postSolution
		{07A113DC-AD3A-4659-B2AC-A2B49B919804}.Debug|Any CPU.ActiveCfg = Debug|Any CPU
		{07A113DC-AD3A-4659-B2AC-A2B49B919804}.Debug|Any CPU.Build.0 = Debug|Any CPU
		{07A113DC-AD3A-4659-B2AC-A2B49B919804}.Release|Any CPU.ActiveCfg = Release|Any CPU
		{07A113DC-AD3A-4659-B2AC-A2B49B919804}.Release|Any CPU.Build.0 = Release|Any CPU
		{67A831CF-68EC-4A56-97D1-8C56FA1CCDA9}.Debug|Any CPU.ActiveCfg = Debug|Any CPU
		{67A831CF-68EC-4A56-97D1-8C56FA1CCDA9}.Debug|Any CPU.Build.0 = Debug|Any CPU
		{67A831CF-68EC-4A56-97D1-8C56FA1CCDA9}.Release|Any CPU.ActiveCfg = Release|Any CPU
		{67A831CF-68EC-4A56-97D1-8C56FA1CCDA9}.Release|Any CPU.Build.0 = Release|Any CPU
		{942B9670-67C1-498D-B144-7F96DD94C03C}.Debug|Any CPU.ActiveCfg = Debug|Any CPU
		{942B9670-67C1-498D-B144-7F96DD94C03C}.Debug|Any CPU.Build.0 = Debug|Any CPU
		{942B9670-67C1-498D-B144-7F96DD94C03C}.Release|Any CPU.ActiveCfg = Release|Any CPU
		{942B9670-67C1-498D-B144-7F96DD94C03C}.Release|Any CPU.Build.0 = Release|Any CPU
		{3C1DAB0C-ABAA-43AE-A5B9-5190E3D85443}.Debug|Any CPU.ActiveCfg = Debug|Any CPU
		{3C1DAB0C-ABAA-43AE-A5B9-5190E3D85443}.Debug|Any CPU.Build.0 = Debug|Any CPU
		{3C1DAB0C-ABAA-43AE-A5B9-5190E3D85443}.Release|Any CPU.ActiveCfg = Release|Any CPU
		{3C1DAB0C-ABAA-43AE-A5B9-5190E3D85443}.Release|Any CPU.Build.0 = Release|Any CPU
	EndGlobalSection
	GlobalSection(SolutionProperties) = preSolution
		HideSolutionNode = FALSE
	EndGlobalSection
	GlobalSection(ExtensibilityGlobals) = postSolution
		SolutionGuid = {16CA001F-6D40-4BD9-9FF5-AC678A9C081B}
	EndGlobalSection
EndGlobal
